# This file is autogenerated, do not edit; changes may be undone by the next 'dep ensure'.


[[projects]]
  branch = "master"
  name = "github.com/HotelsDotCom/flyte-client"
  packages = [
    "client",
    "config",
    "flyte",
    "healthcheck"
  ]
  revision = "fee8fba2729d7dd2cdd40e7183d2713389118a4c"

[[projects]]
  branch = "master"
  name = "github.com/HotelsDotCom/go-logger"
  packages = ["."]
  revision = "802095993e48d184191f20a6c29f1cbe55276e35"

[solve-meta]
  analyzer-name = "dep"
  analyzer-version = 1
  inputs-digest = "25a7724cd12be0bda091c505b2509eaa5aed0c3ae699c9efa61d256a447d54ca"
  solver-name = "gps-cdcl"
  solver-version = 1
